
Microsoft Visual Studio Solution File, Format Version 12.00
# Visual Studio Version 16
VisualStudioVersion = 16.0.31112.23
MinimumVisualStudioVersion = 10.0.40219.1
Project("{9A19103F-16F7-4668-BE54-9A1E7A4F7556}") = "CursoMVC", "CursoMVC\CursoMVC.csproj", "{98190682-5A5C-45DE-9B7B-DB6241FDAE34}"
EndProject
Project("{FAE04EC0-301F-11D3-BF4B-00C04F79EFBC}") = "CursoAPI", "CursoAPI\CursoAPI.csproj", "{B41D5DA2-86D3-4DD5-8B60-D52A564E8325}"
EndProject
Global
	GlobalSection(SolutionConfigurationPlatforms) = preSolution
		Debug|Any CPU = Debug|Any CPU
		Release|Any CPU = Release|Any CPU
	EndGlobalSection
	GlobalSection(ProjectConfigurationPlatforms) = postSolution
		{98190682-5A5C-45DE-9B7B-DB6241FDAE34}.Debug|Any CPU.ActiveCfg = Debug|Any CPU
		{98190682-5A5C-45DE-9B7B-DB6241FDAE34}.Debug|Any CPU.Build.0 = Debug|Any CPU
		{98190682-5A5C-45DE-9B7B-DB6241FDAE34}.Release|Any CPU.ActiveCfg = Release|Any CPU
		{98190682-5A5C-45DE-9B7B-DB6241FDAE34}.Release|Any CPU.Build.0 = Release|Any CPU
		{B41D5DA2-86D3-4DD5-8B60-D52A564E8325}.Debug|Any CPU.ActiveCfg = Debug|Any CPU
		{B41D5DA2-86D3-4DD5-8B60-D52A564E8325}.Debug|Any CPU.Build.0 = Debug|Any CPU
		{B41D5DA2-86D3-4DD5-8B60-D52A564E8325}.Release|Any CPU.ActiveCfg = Release|Any CPU
		{B41D5DA2-86D3-4DD5-8B60-D52A564E8325}.Release|Any CPU.Build.0 = Release|Any CPU
	EndGlobalSection
	GlobalSection(SolutionProperties) = preSolution
		HideSolutionNode = FALSE
	EndGlobalSection
	GlobalSection(ExtensibilityGlobals) = postSolution
		SolutionGuid = {3006CF4C-4274-4EFE-9921-50835A330112}
	EndGlobalSection
EndGlobal
